
Microsoft Visual Studio Solution File, Format Version 12.00
# Visual Studio Version 16
VisualStudioVersion = 16.0.30907.101
MinimumVisualStudioVersion = 10.0.40219.1
Project("{FAE04EC0-301F-11D3-BF4B-00C04F79EFBC}") = "NTI_APP", "NTI_APP\NTI_APP.csproj", "{CEC9425D-0365-472C-8CE2-987129733362}"
EndProject
Global
	GlobalSection(SolutionConfigurationPlatforms) = preSolution
		Debug|Any CPU = Debug|Any CPU
		Release|Any CPU = Release|Any CPU
	EndGlobalSection
	GlobalSection(ProjectConfigurationPlatforms) = postSolution
		{CEC9425D-0365-472C-8CE2-987129733362}.Debug|Any CPU.ActiveCfg = Debug|Any CPU
		{CEC9425D-0365-472C-8CE2-987129733362}.Debug|Any CPU.Build.0 = Debug|Any CPU
		{CEC9425D-0365-472C-8CE2-987129733362}.Release|Any CPU.ActiveCfg = Release|Any CPU
		{CEC9425D-0365-472C-8CE2-987129733362}.Release|Any CPU.Build.0 = Release|Any CPU
	EndGlobalSection
	GlobalSection(SolutionProperties) = preSolution
		HideSolutionNode = FALSE
	EndGlobalSection
	GlobalSection(ExtensibilityGlobals) = postSolution
		SolutionGuid = {4C51C239-82AE-4DDB-A870-A6264453D453}
	EndGlobalSection
EndGlobal
